
Microsoft Visual Studio Solution File, Format Version 12.00
# Visual Studio Version 16
VisualStudioVersion = 16.0.30011.22
MinimumVisualStudioVersion = 10.0.40219.1
Project("{D2ABAB84-BF74-430A-B69E-9DC6D40DDA17}") = "TC4OLAP", "TC4OLAP\TC4OLAP.dwproj", "{D69BA354-65A5-4594-BA1B-E3D3A134D71B}"
EndProject
Global
	GlobalSection(SolutionConfigurationPlatforms) = preSolution
		Development|Default = Development|Default
	EndGlobalSection
	GlobalSection(ProjectConfigurationPlatforms) = postSolution
		{D69BA354-65A5-4594-BA1B-E3D3A134D71B}.Development|Default.ActiveCfg = Development
		{D69BA354-65A5-4594-BA1B-E3D3A134D71B}.Development|Default.Build.0 = Development
		{D69BA354-65A5-4594-BA1B-E3D3A134D71B}.Development|Default.Deploy.0 = Development
	EndGlobalSection
	GlobalSection(SolutionProperties) = preSolution
		HideSolutionNode = FALSE
	EndGlobalSection
	GlobalSection(ExtensibilityGlobals) = postSolution
		SolutionGuid = {7187F9B8-A507-4534-B22A-C02F73D0FE08}
	EndGlobalSection
EndGlobal
